<?xml version="1.0" encoding="utf-8"?>
<Project ToolsVersion="4.0" xmlns="http://schemas.microsoft.com/developer/msbuild/2003">
  <ItemGroup>
    <Filter Include="源文件">
      <UniqueIdentifier>{4FC737F1-C7A5-4376-A066-2A32D752A2FF}</UniqueIdentifier>
      <Extensions>cpp;c;cc;cxx;def;odl;idl;hpj;bat;asm;asmx</Extensions>
    </Filter>
    <Filter Include="头文件">
      <UniqueIdentifier>{93995380-89BD-4b04-88EB-625FBE52EBFB}</UniqueIdentifier>
      <Extensions>h;hh;hpp;hxx;hm;inl;inc;ipp;xsd</Extensions>
    </Filter>
    <Filter Include="资源文件">
      <UniqueIdentifier>{67DA6AB6-F800-4c08-8B7A-83BB121AAD01}</UniqueIdentifier>
      <Extensions>rc;ico;cur;bmp;dlg;rc2;rct;bin;rgs;gif;jpg;jpeg;jpe;resx;tiff;tif;png;wav;mfcribbon-ms</Extensions>
    </Filter>
  </ItemGroup>
  <ItemGroup>
    <ClCompile Include="004_掩模操作增强对比度.cpp">
      <Filter>源文件</Filter>
    </ClCompile>
    <ClCompile Include="008_调整图像亮度和对比度.cpp">
      <Filter>源文件</Filter>
    </ClCompile>
    <ClCompile Include="009_均值滤波与高斯滤波.cpp">
      <Filter>源文件</Filter>
    </ClCompile>
    <ClCompile Include="010_中值滤波.cpp">
      <Filter>源文件</Filter>
    </ClCompile>
    <ClCompile Include="011_双边滤波.cpp">
      <Filter>源文件</Filter>
    </ClCompile>
    <ClCompile Include="012_膨胀腐蚀.cpp">
      <Filter>源文件</Filter>
    </ClCompile>
    <ClCompile Include="013_开闭操作.cpp">
      <Filter>源文件</Filter>
    </ClCompile>
    <ClCompile Include="014_顶帽与黑帽.cpp">
      <Filter>源文件</Filter>
    </ClCompile>
    <ClCompile Include="001_读取图片.cpp">
      <Filter>源文件</Filter>
    </ClCompile>
    <ClCompile Include="002_读取灰度图.cpp">
      <Filter>源文件</Filter>
    </ClCompile>
    <ClCompile Include="003_彩色图转灰度图.cpp">
      <Filter>源文件</Filter>
    </ClCompile>
    <ClCompile Include="005_图像构造与拷贝.cpp">
      <Filter>源文件</Filter>
    </ClCompile>
    <ClCompile Include="006_图像取反操作.cpp">
      <Filter>源文件</Filter>
    </ClCompile>
    <ClCompile Include="007_图像混合操作.cpp">
      <Filter>源文件</Filter>
    </ClCompile>
    <ClCompile Include="015_二值化.cpp">
      <Filter>源文件</Filter>
    </ClCompile>
    <ClCompile Include="016_提取水平与垂直线.cpp">
      <Filter>源文件</Filter>
    </ClCompile>
    <ClCompile Include="017_验证码去干扰案例.cpp">
      <Filter>源文件</Filter>
    </ClCompile>
    <ClCompile Include="018_上下采样.cpp">
      <Filter>源文件</Filter>
    </ClCompile>
    <ClCompile Include="019_高斯不同DOG.cpp">
      <Filter>源文件</Filter>
    </ClCompile>
    <ClCompile Include="020_边缘检测_Sobel算子.cpp">
      <Filter>源文件</Filter>
    </ClCompile>
    <ClCompile Include="021_边缘检测_Laplacain算子.cpp">
      <Filter>源文件</Filter>
    </ClCompile>
    <ClCompile Include="022_Canny边缘检测算法.cpp">
      <Filter>源文件</Filter>
    </ClCompile>
    <ClCompile Include="023_霍夫变换检测直线.cpp">
      <Filter>源文件</Filter>
    </ClCompile>
    <ClCompile Include="024_霍夫圆检测.cpp">
      <Filter>源文件</Filter>
    </ClCompile>
    <ClCompile Include="025_像素重映射.cpp">
      <Filter>源文件</Filter>
    </ClCompile>
    <ClCompile Include="026_直方图均衡化.cpp">
      <Filter>源文件</Filter>
    </ClCompile>
    <ClCompile Include="027_直方图计算.cpp">
      <Filter>源文件</Filter>
    </ClCompile>
    <ClCompile Include="028_直方图比较.cpp">
      <Filter>源文件</Filter>
    </ClCompile>
    <ClCompile Include="029_直方图反向映射.cpp">
      <Filter>源文件</Filter>
    </ClCompile>
    <ClCompile Include="030_模板匹配.cpp">
      <Filter>源文件</Filter>
    </ClCompile>
    <ClCompile Include="031_轮廓发现.cpp">
      <Filter>源文件</Filter>
    </ClCompile>
  </ItemGroup>
  <ItemGroup>
    <Image Include="Pictures\1.png">
      <Filter>资源文件</Filter>
    </Image>
    <Image Include="Pictures\2.jpg">
      <Filter>资源文件</Filter>
    </Image>
    <Image Include="Pictures\3.jpg">
      <Filter>资源文件</Filter>
    </Image>
    <Image Include="Pictures\4.jpg">
      <Filter>资源文件</Filter>
    </Image>
    <Image Include="Pictures\5.jpg">
      <Filter>资源文件</Filter>
    </Image>
    <Image Include="Pictures\6.jpg">
      <Filter>资源文件</Filter>
    </Image>
    <Image Include="Pictures\7.jpg">
      <Filter>资源文件</Filter>
    </Image>
    <Image Include="Pictures\8.jpg">
      <Filter>资源文件</Filter>
    </Image>
    <Image Include="Pictures\9.jpg">
      <Filter>资源文件</Filter>
    </Image>
    <Image Include="Pictures\10.png">
      <Filter>资源文件</Filter>
    </Image>
    <Image Include="Pictures\11.png">
      <Filter>资源文件</Filter>
    </Image>
    <Image Include="Pictures\12.jpg">
      <Filter>资源文件</Filter>
    </Image>
    <Image Include="Pictures\13.png">
      <Filter>资源文件</Filter>
    </Image>
    <Image Include="Pictures\14.png">
      <Filter>资源文件</Filter>
    </Image>
    <Image Include="Pictures\15.png">
      <Filter>资源文件</Filter>
    </Image>
    <Image Include="Pictures\16.png">
      <Filter>资源文件</Filter>
    </Image>
    <Image Include="Pictures\17.png">
      <Filter>资源文件</Filter>
    </Image>
    <Image Include="Pictures\4_comp.jpg">
      <Filter>资源文件</Filter>
    </Image>
    <Image Include="Pictures\18_temp.png">
      <Filter>资源文件</Filter>
    </Image>
    <Image Include="Pictures\18.jpg">
      <Filter>资源文件</Filter>
    </Image>
  </ItemGroup>
</Project>